{
    "_readme": [
        "This file locks the dependencies of your project to a known state",
        "Read more about it at https://getcomposer.org/doc/01-basic-usage.md#installing-dependencies",
        "This file is @generated automatically"
    ],
    "content-hash": "fc64111174011f34198f897c2b0b5c4c",
    "packages": [
        {
            "name": "dfer/df-php-core",
            "version": "1.0.5",
            "source": {
                "type": "git",
                "url": "https://gitcode.net/dofun333/df-php-core",
                "reference": "8b670fa1ad2911c2879c367a0661227d23628bd5"
            },
            "require": {
                "php": ">=7.0"
            },
            "type": "library",
            "autoload": {
                "psr-4": {
                    "Dfer\\Tools\\": "src/"
                }
            },
            "notification-url": "https://packagist.org/downloads/",
            "license": [
                "MIT"
            ],
            "authors": [
                {
                    "name": "df",
                    "email": "df_business@qq.com"
                }
            ],
            "description": "df-php内核",
            "homepage": "http://www.dfer.top",
            "keywords": [
                "df",
                "dfer.top"
            ],
            "time": "2023-09-15T06:32:11+00:00"
        },
        {
            "name": "dfer/tools",
            "version": "1.0.7",
            "source": {
                "type": "git",
                "url": "https://gitcode.net/dofun333/dfer-tools",
                "reference": "18c8bc52094526a88eb3f51ef70e6868e6de55b2"
            },
            "require": {
                "php": ">=7.0"
            },
            "type": "library",
            "autoload": {
                "psr-4": {
                    "Dfer\\Tools\\": "src/"
                }
            },
            "notification-url": "https://packagist.org/downloads/",
            "license": [
                "MIT"
            ],
            "authors": [
                {
                    "name": "df",
                    "email": "df_business@qq.com"
                }
            ],
            "description": "php工具包",
            "homepage": "http://www.dfer.site",
            "keywords": [
                "df",
                "dfer.site"
            ],
            "time": "2023-09-28T09:28:07+00:00"
        }
    ],
    "packages-dev": [],
    "aliases": [],
    "minimum-stability": "stable",
    "stability-flags": [],
    "prefer-stable": false,
    "prefer-lowest": false,
    "platform": {
        "php": ">=7.0"
    },
    "platform-dev": [],
    "plugin-api-version": "2.3.0"
}
