{
  "requires": true,
  "lockfileVersion": 1,
  "dependencies": {
    "@df_business/tools-js": {
      "version": "1.0.16",
      "resolved": "https://registry.npmjs.org/@df_business/tools-js/-/tools-js-1.0.16.tgz",
      "integrity": "sha512-6LbjKmSuLE9Nc75XW5CPP+acYuV8zwFTrQg1LT4WT5Iij1l/GlxD6n9O2X1pF+EOi5GEqcPXG87CYzoXnNb2gg=="
    }
  }
}
